// !$*UTF8*$!
{
	archiveVersion = 1;
	classes = {
	};
	objectVersion = 55;
	objects = {

/* Begin PBXBuildFile section */
		1D89BCA328D0D22800357248 /* Lottie in Frameworks */ = {isa = PBXBuildFile; productRef = 1D89BCA228D0D22800357248 /* Lottie */; };
		1D89BCAD28D0DEB300357248 /* billieDarkMode.json in Resources */ = {isa = PBXBuildFile; fileRef = 1D89BCAA28D0DEB300357248 /* billieDarkMode.json */; };
		1D89BCAE28D0DEB300357248 /* billieDarkMode.json in Resources */ = {isa = PBXBuildFile; fileRef = 1D89BCAA28D0DEB300357248 /* billieDarkMode.json */; };
		1D89BCAF28D0DEB300357248 /* billieDarkMode.json in Resources */ = {isa = PBXBuildFile; fileRef = 1D89BCAA28D0DEB300357248 /* billieDarkMode.json */; };
		1D89BCB028D0DEB300357248 /* billieLightMode.json in Resources */ = {isa = PBXBuildFile; fileRef = 1D89BCAB28D0DEB300357248 /* billieLightMode.json */; };
		1D89BCB128D0DEB300357248 /* billieLightMode.json in Resources */ = {isa = PBXBuildFile; fileRef = 1D89BCAB28D0DEB300357248 /* billieLightMode.json */; };
		1D89BCB228D0DEB300357248 /* billieLightMode.json in Resources */ = {isa = PBXBuildFile; fileRef = 1D89BCAB28D0DEB300357248 /* billieLightMode.json */; };
		1D89BCB328D0DEB300357248 /* money.json in Resources */ = {isa = PBXBuildFile; fileRef = 1D89BCAC28D0DEB300357248 /* money.json */; };
		1D89BCB428D0DEB300357248 /* money.json in Resources */ = {isa = PBXBuildFile; fileRef = 1D89BCAC28D0DEB300357248 /* money.json */; };
		1D89BCB528D0DEB300357248 /* money.json in Resources */ = {isa = PBXBuildFile; fileRef = 1D89BCAC28D0DEB300357248 /* money.json */; };
		1D89BCB728D21BA800357248 /* LottieView.swift in Sources */ = {isa = PBXBuildFile; fileRef = 1D89BCB628D21BA800357248 /* LottieView.swift */; };
		1D89BCB928D2459100357248 /* SplashScreenView.swift in Sources */ = {isa = PBXBuildFile; fileRef = 1D89BCB828D2459100357248 /* SplashScreenView.swift */; };
		1D89BCBB28D257D300357248 /* moneyNewVersion.json in Resources */ = {isa = PBXBuildFile; fileRef = 1D89BCBA28D257D300357248 /* moneyNewVersion.json */; };
		1D89BCBC28D257D300357248 /* moneyNewVersion.json in Resources */ = {isa = PBXBuildFile; fileRef = 1D89BCBA28D257D300357248 /* moneyNewVersion.json */; };
		1D89BCBD28D257D300357248 /* moneyNewVersion.json in Resources */ = {isa = PBXBuildFile; fileRef = 1D89BCBA28D257D300357248 /* moneyNewVersion.json */; };
		2913F17A28D0B40D000CE54F /* RegexBuilder.swift in Sources */ = {isa = PBXBuildFile; fileRef = 2913F17928D0B40D000CE54F /* RegexBuilder.swift */; };
		2913F17E28D0C4E1000CE54F /* BillListView.swift in Sources */ = {isa = PBXBuildFile; fileRef = 2913F17D28D0C4E1000CE54F /* BillListView.swift */; };
		2969FCB328CA1351009FBB4F /* billieApp.swift in Sources */ = {isa = PBXBuildFile; fileRef = 2969FCB228CA1351009FBB4F /* billieApp.swift */; };
		2969FCB528CA1351009FBB4F /* ContentView.swift in Sources */ = {isa = PBXBuildFile; fileRef = 2969FCB428CA1351009FBB4F /* ContentView.swift */; };
		2969FCB728CA1353009FBB4F /* Assets.xcassets in Resources */ = {isa = PBXBuildFile; fileRef = 2969FCB628CA1353009FBB4F /* Assets.xcassets */; };
		2969FCBA28CA1353009FBB4F /* Preview Assets.xcassets in Resources */ = {isa = PBXBuildFile; fileRef = 2969FCB928CA1353009FBB4F /* Preview Assets.xcassets */; };
		2969FCC428CA1353009FBB4F /* billieTests.swift in Sources */ = {isa = PBXBuildFile; fileRef = 2969FCC328CA1353009FBB4F /* billieTests.swift */; };
		2969FCCE28CA1353009FBB4F /* billieUITests.swift in Sources */ = {isa = PBXBuildFile; fileRef = 2969FCCD28CA1353009FBB4F /* billieUITests.swift */; };
		2969FCD028CA1353009FBB4F /* billieUITestsLaunchTests.swift in Sources */ = {isa = PBXBuildFile; fileRef = 2969FCCF28CA1353009FBB4F /* billieUITestsLaunchTests.swift */; };
		2969FCDD28CA139C009FBB4F /* ScannerView.swift in Sources */ = {isa = PBXBuildFile; fileRef = 2969FCDC28CA139C009FBB4F /* ScannerView.swift */; };
		2969FCDF28CA13BA009FBB4F /* TextRecognition.swift in Sources */ = {isa = PBXBuildFile; fileRef = 2969FCDE28CA13BA009FBB4F /* TextRecognition.swift */; };
		2969FCE128CA13D6009FBB4F /* Model.swift in Sources */ = {isa = PBXBuildFile; fileRef = 2969FCE028CA13D6009FBB4F /* Model.swift */; };
		29EF982728CF742A0000E300 /* TextPreviewView.swift in Sources */ = {isa = PBXBuildFile; fileRef = 29EF982628CF742A0000E300 /* TextPreviewView.swift */; };
		29EF982C28CF7AEB0000E300 /* BillListRow.swift in Sources */ = {isa = PBXBuildFile; fileRef = 29EF982B28CF7AEB0000E300 /* BillListRow.swift */; };
/* End PBXBuildFile section */

/* Begin PBXContainerItemProxy section */
		2969FCC028CA1353009FBB4F /* PBXContainerItemProxy */ = {
			isa = PBXContainerItemProxy;
			containerPortal = 2969FCA728CA1351009FBB4F /* Project object */;
			proxyType = 1;
			remoteGlobalIDString = 2969FCAE28CA1351009FBB4F;
			remoteInfo = billie;
		};
		2969FCCA28CA1353009FBB4F /* PBXContainerItemProxy */ = {
			isa = PBXContainerItemProxy;
			containerPortal = 2969FCA728CA1351009FBB4F /* Project object */;
			proxyType = 1;
			remoteGlobalIDString = 2969FCAE28CA1351009FBB4F;
			remoteInfo = billie;
		};
/* End PBXContainerItemProxy section */

/* Begin PBXFileReference section */
		1D89BCAA28D0DEB300357248 /* billieDarkMode.json */ = {isa = PBXFileReference; fileEncoding = 4; lastKnownFileType = text.json; path = billieDarkMode.json; sourceTree = "<group>"; };
		1D89BCAB28D0DEB300357248 /* billieLightMode.json */ = {isa = PBXFileReference; fileEncoding = 4; lastKnownFileType = text.json; path = billieLightMode.json; sourceTree = "<group>"; };
		1D89BCAC28D0DEB300357248 /* money.json */ = {isa = PBXFileReference; fileEncoding = 4; lastKnownFileType = text.json; path = money.json; sourceTree = "<group>"; };
		1D89BCB628D21BA800357248 /* LottieView.swift */ = {isa = PBXFileReference; lastKnownFileType = sourcecode.swift; path = LottieView.swift; sourceTree = "<group>"; };
		1D89BCB828D2459100357248 /* SplashScreenView.swift */ = {isa = PBXFileReference; lastKnownFileType = sourcecode.swift; path = SplashScreenView.swift; sourceTree = "<group>"; };
		1D89BCBA28D257D300357248 /* moneyNewVersion.json */ = {isa = PBXFileReference; fileEncoding = 4; lastKnownFileType = text.json; path = moneyNewVersion.json; sourceTree = "<group>"; };
		2913F17928D0B40D000CE54F /* RegexBuilder.swift */ = {isa = PBXFileReference; lastKnownFileType = sourcecode.swift; path = RegexBuilder.swift; sourceTree = "<group>"; };
		2913F17D28D0C4E1000CE54F /* BillListView.swift */ = {isa = PBXFileReference; lastKnownFileType = sourcecode.swift; path = BillListView.swift; sourceTree = "<group>"; };
		2969FCAF28CA1351009FBB4F /* billie.app */ = {isa = PBXFileReference; explicitFileType = wrapper.application; includeInIndex = 0; path = billie.app; sourceTree = BUILT_PRODUCTS_DIR; };
		2969FCB228CA1351009FBB4F /* billieApp.swift */ = {isa = PBXFileReference; lastKnownFileType = sourcecode.swift; path = billieApp.swift; sourceTree = "<group>"; };
		2969FCB428CA1351009FBB4F /* ContentView.swift */ = {isa = PBXFileReference; lastKnownFileType = sourcecode.swift; path = ContentView.swift; sourceTree = "<group>"; };
		2969FCB628CA1353009FBB4F /* Assets.xcassets */ = {isa = PBXFileReference; lastKnownFileType = folder.assetcatalog; path = Assets.xcassets; sourceTree = "<group>"; };
		2969FCB928CA1353009FBB4F /* Preview Assets.xcassets */ = {isa = PBXFileReference; lastKnownFileType = folder.assetcatalog; path = "Preview Assets.xcassets"; sourceTree = "<group>"; };
		2969FCBF28CA1353009FBB4F /* billieTests.xctest */ = {isa = PBXFileReference; explicitFileType = wrapper.cfbundle; includeInIndex = 0; path = billieTests.xctest; sourceTree = BUILT_PRODUCTS_DIR; };
		2969FCC328CA1353009FBB4F /* billieTests.swift */ = {isa = PBXFileReference; lastKnownFileType = sourcecode.swift; path = billieTests.swift; sourceTree = "<group>"; };
		2969FCC928CA1353009FBB4F /* billieUITests.xctest */ = {isa = PBXFileReference; explicitFileType = wrapper.cfbundle; includeInIndex = 0; path = billieUITests.xctest; sourceTree = BUILT_PRODUCTS_DIR; };
		2969FCCD28CA1353009FBB4F /* billieUITests.swift */ = {isa = PBXFileReference; lastKnownFileType = sourcecode.swift; path = billieUITests.swift; sourceTree = "<group>"; };
		2969FCCF28CA1353009FBB4F /* billieUITestsLaunchTests.swift */ = {isa = PBXFileReference; lastKnownFileType = sourcecode.swift; path = billieUITestsLaunchTests.swift; sourceTree = "<group>"; };
		2969FCDC28CA139C009FBB4F /* ScannerView.swift */ = {isa = PBXFileReference; lastKnownFileType = sourcecode.swift; path = ScannerView.swift; sourceTree = "<group>"; };
		2969FCDE28CA13BA009FBB4F /* TextRecognition.swift */ = {isa = PBXFileReference; lastKnownFileType = sourcecode.swift; path = TextRecognition.swift; sourceTree = "<group>"; };
		2969FCE028CA13D6009FBB4F /* Model.swift */ = {isa = PBXFileReference; lastKnownFileType = sourcecode.swift; path = Model.swift; sourceTree = "<group>"; };
		29EF982628CF742A0000E300 /* TextPreviewView.swift */ = {isa = PBXFileReference; lastKnownFileType = sourcecode.swift; path = TextPreviewView.swift; sourceTree = "<group>"; };
		29EF982B28CF7AEB0000E300 /* BillListRow.swift */ = {isa = PBXFileReference; lastKnownFileType = sourcecode.swift; path = BillListRow.swift; sourceTree = "<group>"; };
/* End PBXFileReference section */

/* Begin PBXFrameworksBuildPhase section */
		2969FCAC28CA1351009FBB4F /* Frameworks */ = {
			isa = PBXFrameworksBuildPhase;
			buildActionMask = 2147483647;
			files = (
				1D89BCA328D0D22800357248 /* Lottie in Frameworks */,
			);
			runOnlyForDeploymentPostprocessing = 0;
		};
		2969FCBC28CA1353009FBB4F /* Frameworks */ = {
			isa = PBXFrameworksBuildPhase;
			buildActionMask = 2147483647;
			files = (
			);
			runOnlyForDeploymentPostprocessing = 0;
		};
		2969FCC628CA1353009FBB4F /* Frameworks */ = {
			isa = PBXFrameworksBuildPhase;
			buildActionMask = 2147483647;
			files = (
			);
			runOnlyForDeploymentPostprocessing = 0;
		};
/* End PBXFrameworksBuildPhase section */

/* Begin PBXGroup section */
		1D89BCA928D0DEB300357248 /* All Splash Screen animations */ = {
			isa = PBXGroup;
			children = (
				1D89BCAA28D0DEB300357248 /* billieDarkMode.json */,
				1D89BCAB28D0DEB300357248 /* billieLightMode.json */,
				1D89BCBA28D257D300357248 /* moneyNewVersion.json */,
				1D89BCAC28D0DEB300357248 /* money.json */,
			);
			path = "All Splash Screen animations";
			sourceTree = "<group>";
		};
		2969FCA628CA1351009FBB4F = {
			isa = PBXGroup;
			children = (
				2969FCB128CA1351009FBB4F /* billie */,
				2969FCC228CA1353009FBB4F /* billieTests */,
				2969FCCC28CA1353009FBB4F /* billieUITests */,
				2969FCB028CA1351009FBB4F /* Products */,
			);
			sourceTree = "<group>";
		};
		2969FCB028CA1351009FBB4F /* Products */ = {
			isa = PBXGroup;
			children = (
				2969FCAF28CA1351009FBB4F /* billie.app */,
				2969FCBF28CA1353009FBB4F /* billieTests.xctest */,
				2969FCC928CA1353009FBB4F /* billieUITests.xctest */,
			);
			name = Products;
			sourceTree = "<group>";
		};
		2969FCB128CA1351009FBB4F /* billie */ = {
			isa = PBXGroup;
			children = (
				29EF982A28CF77F40000E300 /* Service */,
				29EF982928CF77DE0000E300 /* Model */,
				29EF982828CF77CD0000E300 /* View */,
				2969FCB228CA1351009FBB4F /* billieApp.swift */,
				2969FCB628CA1353009FBB4F /* Assets.xcassets */,
				1D89BCA928D0DEB300357248 /* All Splash Screen animations */,
				2969FCB828CA1353009FBB4F /* Preview Content */,
			);
			path = billie;
			sourceTree = "<group>";
		};
		2969FCB828CA1353009FBB4F /* Preview Content */ = {
			isa = PBXGroup;
			children = (
				2969FCB928CA1353009FBB4F /* Preview Assets.xcassets */,
			);
			path = "Preview Content";
			sourceTree = "<group>";
		};
		2969FCC228CA1353009FBB4F /* billieTests */ = {
			isa = PBXGroup;
			children = (
				2969FCC328CA1353009FBB4F /* billieTests.swift */,
			);
			path = billieTests;
			sourceTree = "<group>";
		};
		2969FCCC28CA1353009FBB4F /* billieUITests */ = {
			isa = PBXGroup;
			children = (
				2969FCCD28CA1353009FBB4F /* billieUITests.swift */,
				2969FCCF28CA1353009FBB4F /* billieUITestsLaunchTests.swift */,
			);
			path = billieUITests;
			sourceTree = "<group>";
		};
		29EF982828CF77CD0000E300 /* View */ = {
			isa = PBXGroup;
			children = (
				29EF982628CF742A0000E300 /* TextPreviewView.swift */,
				2969FCB428CA1351009FBB4F /* ContentView.swift */,
				2969FCDC28CA139C009FBB4F /* ScannerView.swift */,
				29EF982B28CF7AEB0000E300 /* BillListRow.swift */,
				2913F17D28D0C4E1000CE54F /* BillListView.swift */,
				1D89BCB628D21BA800357248 /* LottieView.swift */,
				1D89BCB828D2459100357248 /* SplashScreenView.swift */,
			);
			path = View;
			sourceTree = "<group>";
		};
		29EF982928CF77DE0000E300 /* Model */ = {
			isa = PBXGroup;
			children = (
				2969FCE028CA13D6009FBB4F /* Model.swift */,
			);
			path = Model;
			sourceTree = "<group>";
		};
		29EF982A28CF77F40000E300 /* Service */ = {
			isa = PBXGroup;
			children = (
				2969FCDE28CA13BA009FBB4F /* TextRecognition.swift */,
				2913F17928D0B40D000CE54F /* RegexBuilder.swift */,
			);
			path = Service;
			sourceTree = "<group>";
		};
/* End PBXGroup section */

/* Begin PBXNativeTarget section */
		2969FCAE28CA1351009FBB4F /* billie */ = {
			isa = PBXNativeTarget;
			buildConfigurationList = 2969FCD328CA1353009FBB4F /* Build configuration list for PBXNativeTarget "billie" */;
			buildPhases = (
				2969FCAB28CA1351009FBB4F /* Sources */,
				2969FCAC28CA1351009FBB4F /* Frameworks */,
				2969FCAD28CA1351009FBB4F /* Resources */,
			);
			buildRules = (
			);
			dependencies = (
			);
			name = billie;
			packageProductDependencies = (
				1D89BCA228D0D22800357248 /* Lottie */,
			);
			productName = billie;
			productReference = 2969FCAF28CA1351009FBB4F /* billie.app */;
			productType = "com.apple.product-type.application";
		};
		2969FCBE28CA1353009FBB4F /* billieTests */ = {
			isa = PBXNativeTarget;
			buildConfigurationList = 2969FCD628CA1353009FBB4F /* Build configuration list for PBXNativeTarget "billieTests" */;
			buildPhases = (
				2969FCBB28CA1353009FBB4F /* Sources */,
				2969FCBC28CA1353009FBB4F /* Frameworks */,
				2969FCBD28CA1353009FBB4F /* Resources */,
			);
			buildRules = (
			);
			dependencies = (
				2969FCC128CA1353009FBB4F /* PBXTargetDependency */,
			);
			name = billieTests;
			productName = billieTests;
			productReference = 2969FCBF28CA1353009FBB4F /* billieTests.xctest */;
			productType = "com.apple.product-type.bundle.unit-test";
		};
		2969FCC828CA1353009FBB4F /* billieUITests */ = {
			isa = PBXNativeTarget;
			buildConfigurationList = 2969FCD928CA1353009FBB4F /* Build configuration list for PBXNativeTarget "billieUITests" */;
			buildPhases = (
				2969FCC528CA1353009FBB4F /* Sources */,
				2969FCC628CA1353009FBB4F /* Frameworks */,
				2969FCC728CA1353009FBB4F /* Resources */,
			);
			buildRules = (
			);
			dependencies = (
				2969FCCB28CA1353009FBB4F /* PBXTargetDependency */,
			);
			name = billieUITests;
			productName = billieUITests;
			productReference = 2969FCC928CA1353009FBB4F /* billieUITests.xctest */;
			productType = "com.apple.product-type.bundle.ui-testing";
		};
/* End PBXNativeTarget section */

/* Begin PBXProject section */
		2969FCA728CA1351009FBB4F /* Project object */ = {
			isa = PBXProject;
			attributes = {
				BuildIndependentTargetsInParallel = 1;
				LastSwiftUpdateCheck = 1340;
				LastUpgradeCheck = 1340;
				TargetAttributes = {
					2969FCAE28CA1351009FBB4F = {
						CreatedOnToolsVersion = 13.4.1;
					};
					2969FCBE28CA1353009FBB4F = {
						CreatedOnToolsVersion = 13.4.1;
						TestTargetID = 2969FCAE28CA1351009FBB4F;
					};
					2969FCC828CA1353009FBB4F = {
						CreatedOnToolsVersion = 13.4.1;
						TestTargetID = 2969FCAE28CA1351009FBB4F;
					};
				};
			};
			buildConfigurationList = 2969FCAA28CA1351009FBB4F /* Build configuration list for PBXProject "billie" */;
			compatibilityVersion = "Xcode 13.0";
			developmentRegion = en;
			hasScannedForEncodings = 0;
			knownRegions = (
				en,
				Base,
			);
			mainGroup = 2969FCA628CA1351009FBB4F;
			packageReferences = (
				1D89BCA128D0D22800357248 /* XCRemoteSwiftPackageReference "lottie-ios" */,
			);
			productRefGroup = 2969FCB028CA1351009FBB4F /* Products */;
			projectDirPath = "";
			projectRoot = "";
			targets = (
				2969FCAE28CA1351009FBB4F /* billie */,
				2969FCBE28CA1353009FBB4F /* billieTests */,
				2969FCC828CA1353009FBB4F /* billieUITests */,
			);
		};
/* End PBXProject section */

/* Begin PBXResourcesBuildPhase section */
		2969FCAD28CA1351009FBB4F /* Resources */ = {
			isa = PBXResourcesBuildPhase;
			buildActionMask = 2147483647;
			files = (
				2969FCBA28CA1353009FBB4F /* Preview Assets.xcassets in Resources */,
				2969FCB728CA1353009FBB4F /* Assets.xcassets in Resources */,
				1D89BCBB28D257D300357248 /* moneyNewVersion.json in Resources */,
				1D89BCB328D0DEB300357248 /* money.json in Resources */,
				1D89BCB028D0DEB300357248 /* billieLightMode.json in Resources */,
				1D89BCAD28D0DEB300357248 /* billieDarkMode.json in Resources */,
			);
			runOnlyForDeploymentPostprocessing = 0;
		};
		2969FCBD28CA1353009FBB4F /* Resources */ = {
			isa = PBXResourcesBuildPhase;
			buildActionMask = 2147483647;
			files = (
				1D89BCBC28D257D300357248 /* moneyNewVersion.json in Resources */,
				1D89BCB128D0DEB300357248 /* billieLightMode.json in Resources */,
				1D89BCAE28D0DEB300357248 /* billieDarkMode.json in Resources */,
				1D89BCB428D0DEB300357248 /* money.json in Resources */,
			);
			runOnlyForDeploymentPostprocessing = 0;
		};
		2969FCC728CA1353009FBB4F /* Resources */ = {
			isa = PBXResourcesBuildPhase;
			buildActionMask = 2147483647;
			files = (
				1D89BCBD28D257D300357248 /* moneyNewVersion.json in Resources */,
				1D89BCB228D0DEB300357248 /* billieLightMode.json in Resources */,
				1D89BCAF28D0DEB300357248 /* billieDarkMode.json in Resources */,
				1D89BCB528D0DEB300357248 /* money.json in Resources */,
			);
			runOnlyForDeploymentPostprocessing = 0;
		};
/* End PBXResourcesBuildPhase section */

/* Begin PBXSourcesBuildPhase section */
		2969FCAB28CA1351009FBB4F /* Sources */ = {
			isa = PBXSourcesBuildPhase;
			buildActionMask = 2147483647;
			files = (
				2969FCDF28CA13BA009FBB4F /* TextRecognition.swift in Sources */,
				2913F17E28D0C4E1000CE54F /* BillListView.swift in Sources */,
				2969FCDD28CA139C009FBB4F /* ScannerView.swift in Sources */,
				1D89BCB928D2459100357248 /* SplashScreenView.swift in Sources */,
				2969FCB528CA1351009FBB4F /* ContentView.swift in Sources */,
				2969FCB328CA1351009FBB4F /* billieApp.swift in Sources */,
				29EF982728CF742A0000E300 /* TextPreviewView.swift in Sources */,
				2969FCE128CA13D6009FBB4F /* Model.swift in Sources */,
				1D89BCB728D21BA800357248 /* LottieView.swift in Sources */,
				29EF982C28CF7AEB0000E300 /* BillListRow.swift in Sources */,
				2913F17A28D0B40D000CE54F /* RegexBuilder.swift in Sources */,
			);
			runOnlyForDeploymentPostprocessing = 0;
		};
		2969FCBB28CA1353009FBB4F /* Sources */ = {
			isa = PBXSourcesBuildPhase;
			buildActionMask = 2147483647;
			files = (
				2969FCC428CA1353009FBB4F /* billieTests.swift in Sources */,
			);
			runOnlyForDeploymentPostprocessing = 0;
		};
		2969FCC528CA1353009FBB4F /* Sources */ = {
			isa = PBXSourcesBuildPhase;
			buildActionMask = 2147483647;
			files = (
				2969FCCE28CA1353009FBB4F /* billieUITests.swift in Sources */,
				2969FCD028CA1353009FBB4F /* billieUITestsLaunchTests.swift in Sources */,
			);
			runOnlyForDeploymentPostprocessing = 0;
		};
/* End PBXSourcesBuildPhase section */

/* Begin PBXTargetDependency section */
		2969FCC128CA1353009FBB4F /* PBXTargetDependency */ = {
			isa = PBXTargetDependency;
			target = 2969FCAE28CA1351009FBB4F /* billie */;
			targetProxy = 2969FCC028CA1353009FBB4F /* PBXContainerItemProxy */;
		};
		2969FCCB28CA1353009FBB4F /* PBXTargetDependency */ = {
			isa = PBXTargetDependency;
			target = 2969FCAE28CA1351009FBB4F /* billie */;
			targetProxy = 2969FCCA28CA1353009FBB4F /* PBXContainerItemProxy */;
		};
/* End PBXTargetDependency section */

/* Begin XCBuildConfiguration section */
		2969FCD128CA1353009FBB4F /* Debug */ = {
			isa = XCBuildConfiguration;
			buildSettings = {
				ALWAYS_SEARCH_USER_PATHS = NO;
				CLANG_ANALYZER_NONNULL = YES;
				CLANG_ANALYZER_NUMBER_OBJECT_CONVERSION = YES_AGGRESSIVE;
				CLANG_CXX_LANGUAGE_STANDARD = "gnu++17";
				CLANG_ENABLE_MODULES = YES;
				CLANG_ENABLE_OBJC_ARC = YES;
				CLANG_ENABLE_OBJC_WEAK = YES;
				CLANG_WARN_BLOCK_CAPTURE_AUTORELEASING = YES;
				CLANG_WARN_BOOL_CONVERSION = YES;
				CLANG_WARN_COMMA = YES;
				CLANG_WARN_CONSTANT_CONVERSION = YES;
				CLANG_WARN_DEPRECATED_OBJC_IMPLEMENTATIONS = YES;
				CLANG_WARN_DIRECT_OBJC_ISA_USAGE = YES_ERROR;
				CLANG_WARN_DOCUMENTATION_COMMENTS = YES;
				CLANG_WARN_EMPTY_BODY = YES;
				CLANG_WARN_ENUM_CONVERSION = YES;
				CLANG_WARN_INFINITE_RECURSION = YES;
				CLANG_WARN_INT_CONVERSION = YES;
				CLANG_WARN_NON_LITERAL_NULL_CONVERSION = YES;
				CLANG_WARN_OBJC_IMPLICIT_RETAIN_SELF = YES;
				CLANG_WARN_OBJC_LITERAL_CONVERSION = YES;
				CLANG_WARN_OBJC_ROOT_CLASS = YES_ERROR;
				CLANG_WARN_QUOTED_INCLUDE_IN_FRAMEWORK_HEADER = YES;
				CLANG_WARN_RANGE_LOOP_ANALYSIS = YES;
				CLANG_WARN_STRICT_PROTOTYPES = YES;
				CLANG_WARN_SUSPICIOUS_MOVE = YES;
				CLANG_WARN_UNGUARDED_AVAILABILITY = YES_AGGRESSIVE;
				CLANG_WARN_UNREACHABLE_CODE = YES;
				CLANG_WARN__DUPLICATE_METHOD_MATCH = YES;
				COPY_PHASE_STRIP = NO;
				DEBUG_INFORMATION_FORMAT = dwarf;
				ENABLE_STRICT_OBJC_MSGSEND = YES;
				ENABLE_TESTABILITY = YES;
				GCC_C_LANGUAGE_STANDARD = gnu11;
				GCC_DYNAMIC_NO_PIC = NO;
				GCC_NO_COMMON_BLOCKS = YES;
				GCC_OPTIMIZATION_LEVEL = 0;
				GCC_PREPROCESSOR_DEFINITIONS = (
					"DEBUG=1",
					"$(inherited)",
				);
				GCC_WARN_64_TO_32_BIT_CONVERSION = YES;
				GCC_WARN_ABOUT_RETURN_TYPE = YES_ERROR;
				GCC_WARN_UNDECLARED_SELECTOR = YES;
				GCC_WARN_UNINITIALIZED_AUTOS = YES_AGGRESSIVE;
				GCC_WARN_UNUSED_FUNCTION = YES;
				GCC_WARN_UNUSED_VARIABLE = YES;
				IPHONEOS_DEPLOYMENT_TARGET = 15.5;
				MTL_ENABLE_DEBUG_INFO = INCLUDE_SOURCE;
				MTL_FAST_MATH = YES;
				ONLY_ACTIVE_ARCH = YES;
				SDKROOT = iphoneos;
				SWIFT_ACTIVE_COMPILATION_CONDITIONS = DEBUG;
				SWIFT_OPTIMIZATION_LEVEL = "-Onone";
			};
			name = Debug;
		};
		2969FCD228CA1353009FBB4F /* Release */ = {
			isa = XCBuildConfiguration;
			buildSettings = {
				ALWAYS_SEARCH_USER_PATHS = NO;
				CLANG_ANALYZER_NONNULL = YES;
				CLANG_ANALYZER_NUMBER_OBJECT_CONVERSION = YES_AGGRESSIVE;
				CLANG_CXX_LANGUAGE_STANDARD = "gnu++17";
				CLANG_ENABLE_MODULES = YES;
				CLANG_ENABLE_OBJC_ARC = YES;
				CLANG_ENABLE_OBJC_WEAK = YES;
				CLANG_WARN_BLOCK_CAPTURE_AUTORELEASING = YES;
				CLANG_WARN_BOOL_CONVERSION = YES;
				CLANG_WARN_COMMA = YES;
				CLANG_WARN_CONSTANT_CONVERSION = YES;
				CLANG_WARN_DEPRECATED_OBJC_IMPLEMENTATIONS = YES;
				CLANG_WARN_DIRECT_OBJC_ISA_USAGE = YES_ERROR;
				CLANG_WARN_DOCUMENTATION_COMMENTS = YES;
				CLANG_WARN_EMPTY_BODY = YES;
				CLANG_WARN_ENUM_CONVERSION = YES;
				CLANG_WARN_INFINITE_RECURSION = YES;
				CLANG_WARN_INT_CONVERSION = YES;
				CLANG_WARN_NON_LITERAL_NULL_CONVERSION = YES;
				CLANG_WARN_OBJC_IMPLICIT_RETAIN_SELF = YES;
				CLANG_WARN_OBJC_LITERAL_CONVERSION = YES;
				CLANG_WARN_OBJC_ROOT_CLASS = YES_ERROR;
				CLANG_WARN_QUOTED_INCLUDE_IN_FRAMEWORK_HEADER = YES;
				CLANG_WARN_RANGE_LOOP_ANALYSIS = YES;
				CLANG_WARN_STRICT_PROTOTYPES = YES;
				CLANG_WARN_SUSPICIOUS_MOVE = YES;
				CLANG_WARN_UNGUARDED_AVAILABILITY = YES_AGGRESSIVE;
				CLANG_WARN_UNREACHABLE_CODE = YES;
				CLANG_WARN__DUPLICATE_METHOD_MATCH = YES;
				COPY_PHASE_STRIP = NO;
				DEBUG_INFORMATION_FORMAT = "dwarf-with-dsym";
				ENABLE_NS_ASSERTIONS = NO;
				ENABLE_STRICT_OBJC_MSGSEND = YES;
				GCC_C_LANGUAGE_STANDARD = gnu11;
				GCC_NO_COMMON_BLOCKS = YES;
				GCC_WARN_64_TO_32_BIT_CONVERSION = YES;
				GCC_WARN_ABOUT_RETURN_TYPE = YES_ERROR;
				GCC_WARN_UNDECLARED_SELECTOR = YES;
				GCC_WARN_UNINITIALIZED_AUTOS = YES_AGGRESSIVE;
				GCC_WARN_UNUSED_FUNCTION = YES;
				GCC_WARN_UNUSED_VARIABLE = YES;
				IPHONEOS_DEPLOYMENT_TARGET = 15.5;
				MTL_ENABLE_DEBUG_INFO = NO;
				MTL_FAST_MATH = YES;
				SDKROOT = iphoneos;
				SWIFT_COMPILATION_MODE = wholemodule;
				SWIFT_OPTIMIZATION_LEVEL = "-O";
				VALIDATE_PRODUCT = YES;
			};
			name = Release;
		};
		2969FCD428CA1353009FBB4F /* Debug */ = {
			isa = XCBuildConfiguration;
			buildSettings = {
				ASSETCATALOG_COMPILER_APPICON_NAME = AppIcon;
				ASSETCATALOG_COMPILER_GLOBAL_ACCENT_COLOR_NAME = AccentColor;
				CODE_SIGN_STYLE = Automatic;
				CURRENT_PROJECT_VERSION = 1;
				DEVELOPMENT_ASSET_PATHS = "\"billie/Preview Content\"";
				DEVELOPMENT_TEAM = JF8PTRU8N6;
				ENABLE_PREVIEWS = YES;
				GENERATE_INFOPLIST_FILE = YES;
				INFOPLIST_KEY_UIApplicationSceneManifest_Generation = YES;
				INFOPLIST_KEY_UIApplicationSupportsIndirectInputEvents = YES;
				INFOPLIST_KEY_UILaunchScreen_Generation = YES;
				INFOPLIST_KEY_UISupportedInterfaceOrientations_iPad = "UIInterfaceOrientationPortrait UIInterfaceOrientationPortraitUpsideDown UIInterfaceOrientationLandscapeLeft UIInterfaceOrientationLandscapeRight";
				INFOPLIST_KEY_UISupportedInterfaceOrientations_iPhone = "UIInterfaceOrientationPortrait UIInterfaceOrientationLandscapeLeft UIInterfaceOrientationLandscapeRight";
				IPHONEOS_DEPLOYMENT_TARGET = 16.0;
				LD_RUNPATH_SEARCH_PATHS = (
					"$(inherited)",
					"@executable_path/Frameworks",
				);
				MARKETING_VERSION = 1.0;
				PRODUCT_BUNDLE_IDENTIFIER = appledeveloperacademy.billie;
				PRODUCT_NAME = "$(TARGET_NAME)";
				SWIFT_EMIT_LOC_STRINGS = YES;
				SWIFT_VERSION = 5.0;
				TARGETED_DEVICE_FAMILY = "1,2";
			};
			name = Debug;
		};
		2969FCD528CA1353009FBB4F /* Release */ = {
			isa = XCBuildConfiguration;
			buildSettings = {
				ASSETCATALOG_COMPILER_APPICON_NAME = AppIcon;
				ASSETCATALOG_COMPILER_GLOBAL_ACCENT_COLOR_NAME = AccentColor;
				CODE_SIGN_STYLE = Automatic;
				CURRENT_PROJECT_VERSION = 1;
				DEVELOPMENT_ASSET_PATHS = "\"billie/Preview Content\"";
				DEVELOPMENT_TEAM = JF8PTRU8N6;
				ENABLE_PREVIEWS = YES;
				GENERATE_INFOPLIST_FILE = YES;
				INFOPLIST_KEY_UIApplicationSceneManifest_Generation = YES;
				INFOPLIST_KEY_UIApplicationSupportsIndirectInputEvents = YES;
				INFOPLIST_KEY_UILaunchScreen_Generation = YES;
				INFOPLIST_KEY_UISupportedInterfaceOrientations_iPad = "UIInterfaceOrientationPortrait UIInterfaceOrientationPortraitUpsideDown UIInterfaceOrientationLandscapeLeft UIInterfaceOrientationLandscapeRight";
				INFOPLIST_KEY_UISupportedInterfaceOrientations_iPhone = "UIInterfaceOrientationPortrait UIInterfaceOrientationLandscapeLeft UIInterfaceOrientationLandscapeRight";
				IPHONEOS_DEPLOYMENT_TARGET = 16.0;
				LD_RUNPATH_SEARCH_PATHS = (
					"$(inherited)",
					"@executable_path/Frameworks",
				);
				MARKETING_VERSION = 1.0;
				PRODUCT_BUNDLE_IDENTIFIER = appledeveloperacademy.billie;
				PRODUCT_NAME = "$(TARGET_NAME)";
				SWIFT_EMIT_LOC_STRINGS = YES;
				SWIFT_VERSION = 5.0;
				TARGETED_DEVICE_FAMILY = "1,2";
			};
			name = Release;
		};
		2969FCD728CA1353009FBB4F /* Debug */ = {
			isa = XCBuildConfiguration;
			buildSettings = {
				ALWAYS_EMBED_SWIFT_STANDARD_LIBRARIES = YES;
				BUNDLE_LOADER = "$(TEST_HOST)";
				CODE_SIGN_STYLE = Automatic;
				CURRENT_PROJECT_VERSION = 1;
				DEVELOPMENT_TEAM = 44U668YQTW;
				GENERATE_INFOPLIST_FILE = YES;
				IPHONEOS_DEPLOYMENT_TARGET = 15.5;
				MARKETING_VERSION = 1.0;
				PRODUCT_BUNDLE_IDENTIFIER = appledeveloperacademy.billieTests;
				PRODUCT_NAME = "$(TARGET_NAME)";
				SWIFT_EMIT_LOC_STRINGS = NO;
				SWIFT_VERSION = 5.0;
				TARGETED_DEVICE_FAMILY = "1,2";
				TEST_HOST = "$(BUILT_PRODUCTS_DIR)/billie.app/billie";
			};
			name = Debug;
		};
		2969FCD828CA1353009FBB4F /* Release */ = {
			isa = XCBuildConfiguration;
			buildSettings = {
				ALWAYS_EMBED_SWIFT_STANDARD_LIBRARIES = YES;
				BUNDLE_LOADER = "$(TEST_HOST)";
				CODE_SIGN_STYLE = Automatic;
				CURRENT_PROJECT_VERSION = 1;
				DEVELOPMENT_TEAM = 44U668YQTW;
				GENERATE_INFOPLIST_FILE = YES;
				IPHONEOS_DEPLOYMENT_TARGET = 15.5;
				MARKETING_VERSION = 1.0;
				PRODUCT_BUNDLE_IDENTIFIER = appledeveloperacademy.billieTests;
				PRODUCT_NAME = "$(TARGET_NAME)";
				SWIFT_EMIT_LOC_STRINGS = NO;
				SWIFT_VERSION = 5.0;
				TARGETED_DEVICE_FAMILY = "1,2";
				TEST_HOST = "$(BUILT_PRODUCTS_DIR)/billie.app/billie";
			};
			name = Release;
		};
		2969FCDA28CA1353009FBB4F /* Debug */ = {
			isa = XCBuildConfiguration;
			buildSettings = {
				ALWAYS_EMBED_SWIFT_STANDARD_LIBRARIES = YES;
				CODE_SIGN_STYLE = Automatic;
				CURRENT_PROJECT_VERSION = 1;
				DEVELOPMENT_TEAM = 44U668YQTW;
				GENERATE_INFOPLIST_FILE = YES;
				MARKETING_VERSION = 1.0;
				PRODUCT_BUNDLE_IDENTIFIER = appledeveloperacademy.billieUITests;
				PRODUCT_NAME = "$(TARGET_NAME)";
				SWIFT_EMIT_LOC_STRINGS = NO;
				SWIFT_VERSION = 5.0;
				TARGETED_DEVICE_FAMILY = "1,2";
				TEST_TARGET_NAME = billie;
			};
			name = Debug;
		};
		2969FCDB28CA1353009FBB4F /* Release */ = {
			isa = XCBuildConfiguration;
			buildSettings = {
				ALWAYS_EMBED_SWIFT_STANDARD_LIBRARIES = YES;
				CODE_SIGN_STYLE = Automatic;
				CURRENT_PROJECT_VERSION = 1;
				DEVELOPMENT_TEAM = 44U668YQTW;
				GENERATE_INFOPLIST_FILE = YES;
				MARKETING_VERSION = 1.0;
				PRODUCT_BUNDLE_IDENTIFIER = appledeveloperacademy.billieUITests;
				PRODUCT_NAME = "$(TARGET_NAME)";
				SWIFT_EMIT_LOC_STRINGS = NO;
				SWIFT_VERSION = 5.0;
				TARGETED_DEVICE_FAMILY = "1,2";
				TEST_TARGET_NAME = billie;
			};
			name = Release;
		};
/* End XCBuildConfiguration section */

/* Begin XCConfigurationList section */
		2969FCAA28CA1351009FBB4F /* Build configuration list for PBXProject "billie" */ = {
			isa = XCConfigurationList;
			buildConfigurations = (
				2969FCD128CA1353009FBB4F /* Debug */,
				2969FCD228CA1353009FBB4F /* Release */,
			);
			defaultConfigurationIsVisible = 0;
			defaultConfigurationName = Release;
		};
		2969FCD328CA1353009FBB4F /* Build configuration list for PBXNativeTarget "billie" */ = {
			isa = XCConfigurationList;
			buildConfigurations = (
				2969FCD428CA1353009FBB4F /* Debug */,
				2969FCD528CA1353009FBB4F /* Release */,
			);
			defaultConfigurationIsVisible = 0;
			defaultConfigurationName = Release;
		};
		2969FCD628CA1353009FBB4F /* Build configuration list for PBXNativeTarget "billieTests" */ = {
			isa = XCConfigurationList;
			buildConfigurations = (
				2969FCD728CA1353009FBB4F /* Debug */,
				2969FCD828CA1353009FBB4F /* Release */,
			);
			defaultConfigurationIsVisible = 0;
			defaultConfigurationName = Release;
		};
		2969FCD928CA1353009FBB4F /* Build configuration list for PBXNativeTarget "billieUITests" */ = {
			isa = XCConfigurationList;
			buildConfigurations = (
				2969FCDA28CA1353009FBB4F /* Debug */,
				2969FCDB28CA1353009FBB4F /* Release */,
			);
			defaultConfigurationIsVisible = 0;
			defaultConfigurationName = Release;
		};
/* End XCConfigurationList section */

/* Begin XCRemoteSwiftPackageReference section */
		1D89BCA128D0D22800357248 /* XCRemoteSwiftPackageReference "lottie-ios" */ = {
			isa = XCRemoteSwiftPackageReference;
			repositoryURL = "https://github.com/airbnb/lottie-ios.git";
			requirement = {
				kind = upToNextMajorVersion;
				minimumVersion = 3.0.0;
			};
		};
/* End XCRemoteSwiftPackageReference section */

/* Begin XCSwiftPackageProductDependency section */
		1D89BCA228D0D22800357248 /* Lottie */ = {
			isa = XCSwiftPackageProductDependency;
			package = 1D89BCA128D0D22800357248 /* XCRemoteSwiftPackageReference "lottie-ios" */;
			productName = Lottie;
		};
/* End XCSwiftPackageProductDependency section */
	};
	rootObject = 2969FCA728CA1351009FBB4F /* Project object */;
}
